
Microsoft Visual Studio Solution File, Format Version 12.00
# Visual Studio 15
VisualStudioVersion = 15.0.26730.15
MinimumVisualStudioVersion = 10.0.40219.1
Project("{888888A0-9F3D-457C-B088-3A5042F75D52}") = "Test Django Web Project", "Test Django Web Project\Test Django Web Project.pyproj", "{E482DB44-0F42-4A88-A760-ACC706C4E932}"
EndProject
Global
	GlobalSection(SolutionConfigurationPlatforms) = preSolution
		Debug|Any CPU = Debug|Any CPU
		Release|Any CPU = Release|Any CPU
	EndGlobalSection
	GlobalSection(ProjectConfigurationPlatforms) = postSolution
		{E482DB44-0F42-4A88-A760-ACC706C4E932}.Debug|Any CPU.ActiveCfg = Debug|Any CPU
		{E482DB44-0F42-4A88-A760-ACC706C4E932}.Debug|Any CPU.Build.0 = Debug|Any CPU
		{E482DB44-0F42-4A88-A760-ACC706C4E932}.Release|Any CPU.ActiveCfg = Release|Any CPU
		{E482DB44-0F42-4A88-A760-ACC706C4E932}.Release|Any CPU.Build.0 = Release|Any CPU
	EndGlobalSection
	GlobalSection(SolutionProperties) = preSolution
		HideSolutionNode = FALSE
	EndGlobalSection
	GlobalSection(ExtensibilityGlobals) = postSolution
		SolutionGuid = {2A8A27AB-D705-42C9-B906-718137B76DBD}
	EndGlobalSection
EndGlobal
